
Microsoft Visual Studio Solution File, Format Version 12.00
# Visual Studio 15
VisualStudioVersion = 15.0.27130.2010
MinimumVisualStudioVersion = 10.0.40219.1
Project("{FAE04EC0-301F-11D3-BF4B-00C04F79EFBC}") = "Appa-Exploration", "Appa-Exploration\Appa-Exploration.csproj", "{192E8BD5-ADB7-455C-A924-ADF4C739C717}"
EndProject
Project("{FAE04EC0-301F-11D3-BF4B-00C04F79EFBC}") = "Appa-Exploration.Tests", "Appa-Exploration.Tests\Appa-Exploration.Tests.csproj", "{6E2EC80A-0D00-4118-9D8B-0FD1D033D8E2}"
EndProject
Global
	GlobalSection(SolutionConfigurationPlatforms) = preSolution
		Debug|Any CPU = Debug|Any CPU
		Release|Any CPU = Release|Any CPU
	EndGlobalSection
	GlobalSection(ProjectConfigurationPlatforms) = postSolution
		{192E8BD5-ADB7-455C-A924-ADF4C739C717}.Debug|Any CPU.ActiveCfg = Debug|Any CPU
		{192E8BD5-ADB7-455C-A924-ADF4C739C717}.Debug|Any CPU.Build.0 = Debug|Any CPU
		{192E8BD5-ADB7-455C-A924-ADF4C739C717}.Release|Any CPU.ActiveCfg = Release|Any CPU
		{192E8BD5-ADB7-455C-A924-ADF4C739C717}.Release|Any CPU.Build.0 = Release|Any CPU
		{6E2EC80A-0D00-4118-9D8B-0FD1D033D8E2}.Debug|Any CPU.ActiveCfg = Debug|Any CPU
		{6E2EC80A-0D00-4118-9D8B-0FD1D033D8E2}.Debug|Any CPU.Build.0 = Debug|Any CPU
		{6E2EC80A-0D00-4118-9D8B-0FD1D033D8E2}.Release|Any CPU.ActiveCfg = Release|Any CPU
		{6E2EC80A-0D00-4118-9D8B-0FD1D033D8E2}.Release|Any CPU.Build.0 = Release|Any CPU
	EndGlobalSection
	GlobalSection(SolutionProperties) = preSolution
		HideSolutionNode = FALSE
	EndGlobalSection
	GlobalSection(ExtensibilityGlobals) = postSolution
		SolutionGuid = {CBDC18E3-A053-4C18-AD1D-3E766591715E}
	EndGlobalSection
EndGlobal
