
Microsoft Visual Studio Solution File, Format Version 12.00
# Visual Studio 15
VisualStudioVersion = 15.0.27130.2010
MinimumVisualStudioVersion = 10.0.40219.1
Project("{FAE04EC0-301F-11D3-BF4B-00C04F79EFBC}") = "Appa-Exploration", "Appa-Exploration\Appa-Exploration.csproj", "{192E8BD5-ADB7-455C-A924-ADF4C739C717}"
EndProject
Project("{FAE04EC0-301F-11D3-BF4B-00C04F79EFBC}") = "Appa-Exploration.Tests", "Appa-Exploration.Tests\Appa-Exploration.Tests.csproj", "{6E2EC80A-0D00-4118-9D8B-0FD1D033D8E2}"
EndProject
Project("{FAE04EC0-301F-11D3-BF4B-00C04F79EFBC}") = "Services", "Services\Services.csproj", "{9DD9FA1C-1C60-4A9A-B74E-4AFCACE6794B}"
EndProject
Project("{FAE04EC0-301F-11D3-BF4B-00C04F79EFBC}") = "DAL", "DAL\DAL.csproj", "{8A6F17FB-9128-486B-B94F-1EBD01CF5AB2}"
EndProject
Global
	GlobalSection(SolutionConfigurationPlatforms) = preSolution
		Debug|Any CPU = Debug|Any CPU
		Debug|ARM = Debug|ARM
		Debug|x64 = Debug|x64
		Debug|x86 = Debug|x86
		Release|Any CPU = Release|Any CPU
		Release|ARM = Release|ARM
		Release|x64 = Release|x64
		Release|x86 = Release|x86
	EndGlobalSection
	GlobalSection(ProjectConfigurationPlatforms) = postSolution
		{192E8BD5-ADB7-455C-A924-ADF4C739C717}.Debug|Any CPU.ActiveCfg = Debug|Any CPU
		{192E8BD5-ADB7-455C-A924-ADF4C739C717}.Debug|Any CPU.Build.0 = Debug|Any CPU
		{192E8BD5-ADB7-455C-A924-ADF4C739C717}.Debug|ARM.ActiveCfg = Debug|Any CPU
		{192E8BD5-ADB7-455C-A924-ADF4C739C717}.Debug|ARM.Build.0 = Debug|Any CPU
		{192E8BD5-ADB7-455C-A924-ADF4C739C717}.Debug|x64.ActiveCfg = Debug|Any CPU
		{192E8BD5-ADB7-455C-A924-ADF4C739C717}.Debug|x64.Build.0 = Debug|Any CPU
		{192E8BD5-ADB7-455C-A924-ADF4C739C717}.Debug|x86.ActiveCfg = Debug|Any CPU
		{192E8BD5-ADB7-455C-A924-ADF4C739C717}.Debug|x86.Build.0 = Debug|Any CPU
		{192E8BD5-ADB7-455C-A924-ADF4C739C717}.Release|Any CPU.ActiveCfg = Release|Any CPU
		{192E8BD5-ADB7-455C-A924-ADF4C739C717}.Release|Any CPU.Build.0 = Release|Any CPU
		{192E8BD5-ADB7-455C-A924-ADF4C739C717}.Release|ARM.ActiveCfg = Release|Any CPU
		{192E8BD5-ADB7-455C-A924-ADF4C739C717}.Release|ARM.Build.0 = Release|Any CPU
		{192E8BD5-ADB7-455C-A924-ADF4C739C717}.Release|x64.ActiveCfg = Release|Any CPU
		{192E8BD5-ADB7-455C-A924-ADF4C739C717}.Release|x64.Build.0 = Release|Any CPU
		{192E8BD5-ADB7-455C-A924-ADF4C739C717}.Release|x86.ActiveCfg = Release|Any CPU
		{192E8BD5-ADB7-455C-A924-ADF4C739C717}.Release|x86.Build.0 = Release|Any CPU
		{6E2EC80A-0D00-4118-9D8B-0FD1D033D8E2}.Debug|Any CPU.ActiveCfg = Debug|Any CPU
		{6E2EC80A-0D00-4118-9D8B-0FD1D033D8E2}.Debug|Any CPU.Build.0 = Debug|Any CPU
		{6E2EC80A-0D00-4118-9D8B-0FD1D033D8E2}.Debug|ARM.ActiveCfg = Debug|Any CPU
		{6E2EC80A-0D00-4118-9D8B-0FD1D033D8E2}.Debug|ARM.Build.0 = Debug|Any CPU
		{6E2EC80A-0D00-4118-9D8B-0FD1D033D8E2}.Debug|x64.ActiveCfg = Debug|Any CPU
		{6E2EC80A-0D00-4118-9D8B-0FD1D033D8E2}.Debug|x64.Build.0 = Debug|Any CPU
		{6E2EC80A-0D00-4118-9D8B-0FD1D033D8E2}.Debug|x86.ActiveCfg = Debug|Any CPU
		{6E2EC80A-0D00-4118-9D8B-0FD1D033D8E2}.Debug|x86.Build.0 = Debug|Any CPU
		{6E2EC80A-0D00-4118-9D8B-0FD1D033D8E2}.Release|Any CPU.ActiveCfg = Release|Any CPU
		{6E2EC80A-0D00-4118-9D8B-0FD1D033D8E2}.Release|Any CPU.Build.0 = Release|Any CPU
		{6E2EC80A-0D00-4118-9D8B-0FD1D033D8E2}.Release|ARM.ActiveCfg = Release|Any CPU
		{6E2EC80A-0D00-4118-9D8B-0FD1D033D8E2}.Release|ARM.Build.0 = Release|Any CPU
		{6E2EC80A-0D00-4118-9D8B-0FD1D033D8E2}.Release|x64.ActiveCfg = Release|Any CPU
		{6E2EC80A-0D00-4118-9D8B-0FD1D033D8E2}.Release|x64.Build.0 = Release|Any CPU
		{6E2EC80A-0D00-4118-9D8B-0FD1D033D8E2}.Release|x86.ActiveCfg = Release|Any CPU
		{6E2EC80A-0D00-4118-9D8B-0FD1D033D8E2}.Release|x86.Build.0 = Release|Any CPU
		{9DD9FA1C-1C60-4A9A-B74E-4AFCACE6794B}.Debug|Any CPU.ActiveCfg = Debug|Any CPU
		{9DD9FA1C-1C60-4A9A-B74E-4AFCACE6794B}.Debug|Any CPU.Build.0 = Debug|Any CPU
		{9DD9FA1C-1C60-4A9A-B74E-4AFCACE6794B}.Debug|ARM.ActiveCfg = Debug|Any CPU
		{9DD9FA1C-1C60-4A9A-B74E-4AFCACE6794B}.Debug|ARM.Build.0 = Debug|Any CPU
		{9DD9FA1C-1C60-4A9A-B74E-4AFCACE6794B}.Debug|x64.ActiveCfg = Debug|Any CPU
		{9DD9FA1C-1C60-4A9A-B74E-4AFCACE6794B}.Debug|x64.Build.0 = Debug|Any CPU
		{9DD9FA1C-1C60-4A9A-B74E-4AFCACE6794B}.Debug|x86.ActiveCfg = Debug|Any CPU
		{9DD9FA1C-1C60-4A9A-B74E-4AFCACE6794B}.Debug|x86.Build.0 = Debug|Any CPU
		{9DD9FA1C-1C60-4A9A-B74E-4AFCACE6794B}.Release|Any CPU.ActiveCfg = Release|Any CPU
		{9DD9FA1C-1C60-4A9A-B74E-4AFCACE6794B}.Release|Any CPU.Build.0 = Release|Any CPU
		{9DD9FA1C-1C60-4A9A-B74E-4AFCACE6794B}.Release|ARM.ActiveCfg = Release|Any CPU
		{9DD9FA1C-1C60-4A9A-B74E-4AFCACE6794B}.Release|ARM.Build.0 = Release|Any CPU
		{9DD9FA1C-1C60-4A9A-B74E-4AFCACE6794B}.Release|x64.ActiveCfg = Release|Any CPU
		{9DD9FA1C-1C60-4A9A-B74E-4AFCACE6794B}.Release|x64.Build.0 = Release|Any CPU
		{9DD9FA1C-1C60-4A9A-B74E-4AFCACE6794B}.Release|x86.ActiveCfg = Release|Any CPU
		{9DD9FA1C-1C60-4A9A-B74E-4AFCACE6794B}.Release|x86.Build.0 = Release|Any CPU
		{8A6F17FB-9128-486B-B94F-1EBD01CF5AB2}.Debug|Any CPU.ActiveCfg = Debug|Any CPU
		{8A6F17FB-9128-486B-B94F-1EBD01CF5AB2}.Debug|Any CPU.Build.0 = Debug|Any CPU
		{8A6F17FB-9128-486B-B94F-1EBD01CF5AB2}.Debug|ARM.ActiveCfg = Debug|Any CPU
		{8A6F17FB-9128-486B-B94F-1EBD01CF5AB2}.Debug|ARM.Build.0 = Debug|Any CPU
		{8A6F17FB-9128-486B-B94F-1EBD01CF5AB2}.Debug|x64.ActiveCfg = Debug|Any CPU
		{8A6F17FB-9128-486B-B94F-1EBD01CF5AB2}.Debug|x64.Build.0 = Debug|Any CPU
		{8A6F17FB-9128-486B-B94F-1EBD01CF5AB2}.Debug|x86.ActiveCfg = Debug|Any CPU
		{8A6F17FB-9128-486B-B94F-1EBD01CF5AB2}.Debug|x86.Build.0 = Debug|Any CPU
		{8A6F17FB-9128-486B-B94F-1EBD01CF5AB2}.Release|Any CPU.ActiveCfg = Release|Any CPU
		{8A6F17FB-9128-486B-B94F-1EBD01CF5AB2}.Release|Any CPU.Build.0 = Release|Any CPU
		{8A6F17FB-9128-486B-B94F-1EBD01CF5AB2}.Release|ARM.ActiveCfg = Release|Any CPU
		{8A6F17FB-9128-486B-B94F-1EBD01CF5AB2}.Release|ARM.Build.0 = Release|Any CPU
		{8A6F17FB-9128-486B-B94F-1EBD01CF5AB2}.Release|x64.ActiveCfg = Release|Any CPU
		{8A6F17FB-9128-486B-B94F-1EBD01CF5AB2}.Release|x64.Build.0 = Release|Any CPU
		{8A6F17FB-9128-486B-B94F-1EBD01CF5AB2}.Release|x86.ActiveCfg = Release|Any CPU
		{8A6F17FB-9128-486B-B94F-1EBD01CF5AB2}.Release|x86.Build.0 = Release|Any CPU
	EndGlobalSection
	GlobalSection(SolutionProperties) = preSolution
		HideSolutionNode = FALSE
	EndGlobalSection
	GlobalSection(ExtensibilityGlobals) = postSolution
		SolutionGuid = {CBDC18E3-A053-4C18-AD1D-3E766591715E}
	EndGlobalSection
EndGlobal
